// !$*UTF8*$!
{
	archiveVersion = 1;
	classes = {
	};
	objectVersion = 56;
	objects = {

/* Begin PBXBuildFile section */
		720ECCDE2B82A21D00FB29BF /* Webm_QuicklookApp.swift in Sources */ = {isa = PBXBuildFile; fileRef = 720ECCDD2B82A21D00FB29BF /* Webm_QuicklookApp.swift */; };
		720ECCE02B82A21D00FB29BF /* ContentView.swift in Sources */ = {isa = PBXBuildFile; fileRef = 720ECCDF2B82A21D00FB29BF /* ContentView.swift */; };
		720ECCE22B82A21F00FB29BF /* Assets.xcassets in Resources */ = {isa = PBXBuildFile; fileRef = 720ECCE12B82A21F00FB29BF /* Assets.xcassets */; };
		720ECCF32B82A74200FB29BF /* Quartz.framework in Frameworks */ = {isa = PBXBuildFile; fileRef = 720ECCF22B82A74200FB29BF /* Quartz.framework */; };
		720ECCF62B82A74300FB29BF /* PreviewViewController.swift in Sources */ = {isa = PBXBuildFile; fileRef = 720ECCF52B82A74300FB29BF /* PreviewViewController.swift */; };
		720ECD002B82A74300FB29BF /* WebM Quicklook.appex in Embed Foundation Extensions */ = {isa = PBXBuildFile; fileRef = 720ECCF02B82A74200FB29BF /* WebM Quicklook.appex */; settings = {ATTRIBUTES = (RemoveHeadersOnCopy, ); }; };
		72B4C90E2B82BDBB00CC6DC3 /* WebKit.framework in Frameworks */ = {isa = PBXBuildFile; fileRef = 72B4C90D2B82BDBB00CC6DC3 /* WebKit.framework */; };
		72B4C9142B82E17200CC6DC3 /* sample.webm in Resources */ = {isa = PBXBuildFile; fileRef = 72B4C9132B82E17200CC6DC3 /* sample.webm */; };
		72B4C9172B82EAEA00CC6DC3 /* WebKit.framework in Frameworks */ = {isa = PBXBuildFile; fileRef = 72B4C90D2B82BDBB00CC6DC3 /* WebKit.framework */; };
		72BAA8F22B86AC1A00C67112 /* QuickLookPreview.swift in Sources */ = {isa = PBXBuildFile; fileRef = 72B4C90F2B82E12E00CC6DC3 /* QuickLookPreview.swift */; };
/* End PBXBuildFile section */

/* Begin PBXContainerItemProxy section */
		720ECCFE2B82A74300FB29BF /* PBXContainerItemProxy */ = {
			isa = PBXContainerItemProxy;
			containerPortal = 720ECCD22B82A21D00FB29BF /* Project object */;
			proxyType = 1;
			remoteGlobalIDString = 720ECCEF2B82A74200FB29BF;
			remoteInfo = "WebM Quicklook";
		};
/* End PBXContainerItemProxy section */

/* Begin PBXCopyFilesBuildPhase section */
		720ECD042B82A74300FB29BF /* Embed Foundation Extensions */ = {
			isa = PBXCopyFilesBuildPhase;
			buildActionMask = 2147483647;
			dstPath = "";
			dstSubfolderSpec = 13;
			files = (
				720ECD002B82A74300FB29BF /* WebM Quicklook.appex in Embed Foundation Extensions */,
			);
			name = "Embed Foundation Extensions";
			runOnlyForDeploymentPostprocessing = 0;
		};
/* End PBXCopyFilesBuildPhase section */

/* Begin PBXFileReference section */
		7204BF932B8B21410035F558 /* Webm-Quicklook-Info.plist */ = {isa = PBXFileReference; lastKnownFileType = text.plist; path = "Webm-Quicklook-Info.plist"; sourceTree = SOURCE_ROOT; };
		720ECCDA2B82A21D00FB29BF /* Webm Quicklook.app */ = {isa = PBXFileReference; explicitFileType = wrapper.application; includeInIndex = 0; path = "Webm Quicklook.app"; sourceTree = BUILT_PRODUCTS_DIR; };
		720ECCDD2B82A21D00FB29BF /* Webm_QuicklookApp.swift */ = {isa = PBXFileReference; lastKnownFileType = sourcecode.swift; path = Webm_QuicklookApp.swift; sourceTree = "<group>"; };
		720ECCDF2B82A21D00FB29BF /* ContentView.swift */ = {isa = PBXFileReference; lastKnownFileType = sourcecode.swift; path = ContentView.swift; sourceTree = "<group>"; };
		720ECCE12B82A21F00FB29BF /* Assets.xcassets */ = {isa = PBXFileReference; lastKnownFileType = folder.assetcatalog; path = Assets.xcassets; sourceTree = "<group>"; };
		720ECCE62B82A21F00FB29BF /* Webm_Quicklook.entitlements */ = {isa = PBXFileReference; lastKnownFileType = text.plist.entitlements; path = Webm_Quicklook.entitlements; sourceTree = "<group>"; };
		720ECCF02B82A74200FB29BF /* WebM Quicklook.appex */ = {isa = PBXFileReference; explicitFileType = "wrapper.app-extension"; includeInIndex = 0; path = "WebM Quicklook.appex"; sourceTree = BUILT_PRODUCTS_DIR; };
		720ECCF22B82A74200FB29BF /* Quartz.framework */ = {isa = PBXFileReference; lastKnownFileType = wrapper.framework; name = Quartz.framework; path = System/Library/Frameworks/Quartz.framework; sourceTree = SDKROOT; };
		720ECCF52B82A74300FB29BF /* PreviewViewController.swift */ = {isa = PBXFileReference; lastKnownFileType = sourcecode.swift; path = PreviewViewController.swift; sourceTree = "<group>"; };
		720ECCFC2B82A74300FB29BF /* Info.plist */ = {isa = PBXFileReference; lastKnownFileType = text.plist.xml; path = Info.plist; sourceTree = "<group>"; };
		720ECCFD2B82A74300FB29BF /* WebM_Quicklook.entitlements */ = {isa = PBXFileReference; lastKnownFileType = text.plist.entitlements; path = WebM_Quicklook.entitlements; sourceTree = "<group>"; };
		72B4C90D2B82BDBB00CC6DC3 /* WebKit.framework */ = {isa = PBXFileReference; lastKnownFileType = wrapper.framework; name = WebKit.framework; path = System/Library/Frameworks/WebKit.framework; sourceTree = SDKROOT; };
		72B4C90F2B82E12E00CC6DC3 /* QuickLookPreview.swift */ = {isa = PBXFileReference; lastKnownFileType = sourcecode.swift; path = QuickLookPreview.swift; sourceTree = "<group>"; };
		72B4C9132B82E17200CC6DC3 /* sample.webm */ = {isa = PBXFileReference; lastKnownFileType = file; path = sample.webm; sourceTree = SOURCE_ROOT; };
		72B4C9152B82EACB00CC6DC3 /* QuickLookThumbnailing.framework */ = {isa = PBXFileReference; lastKnownFileType = wrapper.framework; name = QuickLookThumbnailing.framework; path = System/Library/PrivateFrameworks/QuickLookThumbnailing.framework; sourceTree = SDKROOT; };
/* End PBXFileReference section */

/* Begin PBXFrameworksBuildPhase section */
		720ECCD72B82A21D00FB29BF /* Frameworks */ = {
			isa = PBXFrameworksBuildPhase;
			buildActionMask = 2147483647;
			files = (
				72B4C9172B82EAEA00CC6DC3 /* WebKit.framework in Frameworks */,
			);
			runOnlyForDeploymentPostprocessing = 0;
		};
		720ECCED2B82A74200FB29BF /* Frameworks */ = {
			isa = PBXFrameworksBuildPhase;
			buildActionMask = 2147483647;
			files = (
				72B4C90E2B82BDBB00CC6DC3 /* WebKit.framework in Frameworks */,
				720ECCF32B82A74200FB29BF /* Quartz.framework in Frameworks */,
			);
			runOnlyForDeploymentPostprocessing = 0;
		};
/* End PBXFrameworksBuildPhase section */

/* Begin PBXGroup section */
		720ECCD12B82A21D00FB29BF = {
			isa = PBXGroup;
			children = (
				720ECCDC2B82A21D00FB29BF /* Webm Quicklook */,
				720ECCF42B82A74200FB29BF /* WebM Quicklook */,
				720ECCF12B82A74200FB29BF /* Frameworks */,
				720ECCDB2B82A21D00FB29BF /* Products */,
			);
			sourceTree = "<group>";
		};
		720ECCDB2B82A21D00FB29BF /* Products */ = {
			isa = PBXGroup;
			children = (
				720ECCDA2B82A21D00FB29BF /* Webm Quicklook.app */,
				720ECCF02B82A74200FB29BF /* WebM Quicklook.appex */,
			);
			name = Products;
			sourceTree = "<group>";
		};
		720ECCDC2B82A21D00FB29BF /* Webm Quicklook */ = {
			isa = PBXGroup;
			children = (
				7204BF932B8B21410035F558 /* Webm-Quicklook-Info.plist */,
				72B4C9132B82E17200CC6DC3 /* sample.webm */,
				720ECCDD2B82A21D00FB29BF /* Webm_QuicklookApp.swift */,
				720ECCDF2B82A21D00FB29BF /* ContentView.swift */,
				720ECCE12B82A21F00FB29BF /* Assets.xcassets */,
				72B4C90F2B82E12E00CC6DC3 /* QuickLookPreview.swift */,
				720ECCE62B82A21F00FB29BF /* Webm_Quicklook.entitlements */,
			);
			path = "Webm Quicklook";
			sourceTree = "<group>";
		};
		720ECCF12B82A74200FB29BF /* Frameworks */ = {
			isa = PBXGroup;
			children = (
				72B4C9152B82EACB00CC6DC3 /* QuickLookThumbnailing.framework */,
				72B4C90D2B82BDBB00CC6DC3 /* WebKit.framework */,
				720ECCF22B82A74200FB29BF /* Quartz.framework */,
			);
			name = Frameworks;
			sourceTree = "<group>";
		};
		720ECCF42B82A74200FB29BF /* WebM Quicklook */ = {
			isa = PBXGroup;
			children = (
				720ECCF52B82A74300FB29BF /* PreviewViewController.swift */,
				720ECCFC2B82A74300FB29BF /* Info.plist */,
				720ECCFD2B82A74300FB29BF /* WebM_Quicklook.entitlements */,
			);
			path = "WebM Quicklook";
			sourceTree = "<group>";
		};
/* End PBXGroup section */

/* Begin PBXNativeTarget section */
		720ECCD92B82A21D00FB29BF /* Webm Quicklook */ = {
			isa = PBXNativeTarget;
			buildConfigurationList = 720ECCE92B82A21F00FB29BF /* Build configuration list for PBXNativeTarget "Webm Quicklook" */;
			buildPhases = (
				720ECCD62B82A21D00FB29BF /* Sources */,
				720ECCD72B82A21D00FB29BF /* Frameworks */,
				720ECCD82B82A21D00FB29BF /* Resources */,
				720ECD042B82A74300FB29BF /* Embed Foundation Extensions */,
			);
			buildRules = (
			);
			dependencies = (
				720ECCFF2B82A74300FB29BF /* PBXTargetDependency */,
			);
			name = "Webm Quicklook";
			productName = "Webm Quicklook";
			productReference = 720ECCDA2B82A21D00FB29BF /* Webm Quicklook.app */;
			productType = "com.apple.product-type.application";
		};
		720ECCEF2B82A74200FB29BF /* WebM Quicklook */ = {
			isa = PBXNativeTarget;
			buildConfigurationList = 720ECD012B82A74300FB29BF /* Build configuration list for PBXNativeTarget "WebM Quicklook" */;
			buildPhases = (
				720ECCEC2B82A74200FB29BF /* Sources */,
				720ECCED2B82A74200FB29BF /* Frameworks */,
				720ECCEE2B82A74200FB29BF /* Resources */,
			);
			buildRules = (
			);
			dependencies = (
			);
			name = "WebM Quicklook";
			productName = "WebM Quicklook";
			productReference = 720ECCF02B82A74200FB29BF /* WebM Quicklook.appex */;
			productType = "com.apple.product-type.app-extension";
		};
/* End PBXNativeTarget section */

/* Begin PBXProject section */
		720ECCD22B82A21D00FB29BF /* Project object */ = {
			isa = PBXProject;
			attributes = {
				BuildIndependentTargetsInParallel = 1;
				LastSwiftUpdateCheck = 1520;
				LastUpgradeCheck = 1520;
				TargetAttributes = {
					720ECCD92B82A21D00FB29BF = {
						CreatedOnToolsVersion = 15.2;
					};
					720ECCEF2B82A74200FB29BF = {
						CreatedOnToolsVersion = 15.2;
					};
				};
			};
			buildConfigurationList = 720ECCD52B82A21D00FB29BF /* Build configuration list for PBXProject "Webm Quicklook" */;
			compatibilityVersion = "Xcode 14.0";
			developmentRegion = en;
			hasScannedForEncodings = 0;
			knownRegions = (
				en,
				Base,
			);
			mainGroup = 720ECCD12B82A21D00FB29BF;
			productRefGroup = 720ECCDB2B82A21D00FB29BF /* Products */;
			projectDirPath = "";
			projectRoot = "";
			targets = (
				720ECCD92B82A21D00FB29BF /* Webm Quicklook */,
				720ECCEF2B82A74200FB29BF /* WebM Quicklook */,
			);
		};
/* End PBXProject section */

/* Begin PBXResourcesBuildPhase section */
		720ECCD82B82A21D00FB29BF /* Resources */ = {
			isa = PBXResourcesBuildPhase;
			buildActionMask = 2147483647;
			files = (
				72B4C9142B82E17200CC6DC3 /* sample.webm in Resources */,
				720ECCE22B82A21F00FB29BF /* Assets.xcassets in Resources */,
			);
			runOnlyForDeploymentPostprocessing = 0;
		};
		720ECCEE2B82A74200FB29BF /* Resources */ = {
			isa = PBXResourcesBuildPhase;
			buildActionMask = 2147483647;
			files = (
			);
			runOnlyForDeploymentPostprocessing = 0;
		};
/* End PBXResourcesBuildPhase section */

/* Begin PBXSourcesBuildPhase section */
		720ECCD62B82A21D00FB29BF /* Sources */ = {
			isa = PBXSourcesBuildPhase;
			buildActionMask = 2147483647;
			files = (
				720ECCE02B82A21D00FB29BF /* ContentView.swift in Sources */,
				72BAA8F22B86AC1A00C67112 /* QuickLookPreview.swift in Sources */,
				720ECCDE2B82A21D00FB29BF /* Webm_QuicklookApp.swift in Sources */,
			);
			runOnlyForDeploymentPostprocessing = 0;
		};
		720ECCEC2B82A74200FB29BF /* Sources */ = {
			isa = PBXSourcesBuildPhase;
			buildActionMask = 2147483647;
			files = (
				720ECCF62B82A74300FB29BF /* PreviewViewController.swift in Sources */,
			);
			runOnlyForDeploymentPostprocessing = 0;
		};
/* End PBXSourcesBuildPhase section */

/* Begin PBXTargetDependency section */
		720ECCFF2B82A74300FB29BF /* PBXTargetDependency */ = {
			isa = PBXTargetDependency;
			target = 720ECCEF2B82A74200FB29BF /* WebM Quicklook */;
			targetProxy = 720ECCFE2B82A74300FB29BF /* PBXContainerItemProxy */;
		};
/* End PBXTargetDependency section */

/* Begin XCBuildConfiguration section */
		720ECCE72B82A21F00FB29BF /* Debug */ = {
			isa = XCBuildConfiguration;
			buildSettings = {
				ALWAYS_SEARCH_USER_PATHS = NO;
				ASSETCATALOG_COMPILER_GENERATE_SWIFT_ASSET_SYMBOL_EXTENSIONS = YES;
				CLANG_ANALYZER_NONNULL = YES;
				CLANG_ANALYZER_NUMBER_OBJECT_CONVERSION = YES_AGGRESSIVE;
				CLANG_CXX_LANGUAGE_STANDARD = "gnu++20";
				CLANG_ENABLE_MODULES = YES;
				CLANG_ENABLE_OBJC_ARC = YES;
				CLANG_ENABLE_OBJC_WEAK = YES;
				CLANG_WARN_BLOCK_CAPTURE_AUTORELEASING = YES;
				CLANG_WARN_BOOL_CONVERSION = YES;
				CLANG_WARN_COMMA = YES;
				CLANG_WARN_CONSTANT_CONVERSION = YES;
				CLANG_WARN_DEPRECATED_OBJC_IMPLEMENTATIONS = YES;
				CLANG_WARN_DIRECT_OBJC_ISA_USAGE = YES_ERROR;
				CLANG_WARN_DOCUMENTATION_COMMENTS = YES;
				CLANG_WARN_EMPTY_BODY = YES;
				CLANG_WARN_ENUM_CONVERSION = YES;
				CLANG_WARN_INFINITE_RECURSION = YES;
				CLANG_WARN_INT_CONVERSION = YES;
				CLANG_WARN_NON_LITERAL_NULL_CONVERSION = YES;
				CLANG_WARN_OBJC_IMPLICIT_RETAIN_SELF = YES;
				CLANG_WARN_OBJC_LITERAL_CONVERSION = YES;
				CLANG_WARN_OBJC_ROOT_CLASS = YES_ERROR;
				CLANG_WARN_QUOTED_INCLUDE_IN_FRAMEWORK_HEADER = YES;
				CLANG_WARN_RANGE_LOOP_ANALYSIS = YES;
				CLANG_WARN_STRICT_PROTOTYPES = YES;
				CLANG_WARN_SUSPICIOUS_MOVE = YES;
				CLANG_WARN_UNGUARDED_AVAILABILITY = YES_AGGRESSIVE;
				CLANG_WARN_UNREACHABLE_CODE = YES;
				CLANG_WARN__DUPLICATE_METHOD_MATCH = YES;
				COPY_PHASE_STRIP = NO;
				CURRENT_PROJECT_VERSION = 1.1;
				DEBUG_INFORMATION_FORMAT = dwarf;
				ENABLE_STRICT_OBJC_MSGSEND = YES;
				ENABLE_TESTABILITY = YES;
				ENABLE_USER_SCRIPT_SANDBOXING = YES;
				GCC_C_LANGUAGE_STANDARD = gnu17;
				GCC_DYNAMIC_NO_PIC = NO;
				GCC_NO_COMMON_BLOCKS = YES;
				GCC_OPTIMIZATION_LEVEL = 0;
				GCC_PREPROCESSOR_DEFINITIONS = (
					"DEBUG=1",
					"$(inherited)",
				);
				GCC_WARN_64_TO_32_BIT_CONVERSION = YES;
				GCC_WARN_ABOUT_RETURN_TYPE = YES_ERROR;
				GCC_WARN_UNDECLARED_SELECTOR = YES;
				GCC_WARN_UNINITIALIZED_AUTOS = YES_AGGRESSIVE;
				GCC_WARN_UNUSED_FUNCTION = YES;
				GCC_WARN_UNUSED_VARIABLE = YES;
				LOCALIZATION_PREFERS_STRING_CATALOGS = YES;
				MACOSX_DEPLOYMENT_TARGET = 12.4;
				MARKETING_VERSION = 2024.feb25;
				MTL_ENABLE_DEBUG_INFO = INCLUDE_SOURCE;
				MTL_FAST_MATH = YES;
				ONLY_ACTIVE_ARCH = YES;
				SDKROOT = macosx;
				SWIFT_ACTIVE_COMPILATION_CONDITIONS = "DEBUG $(inherited)";
				SWIFT_OPTIMIZATION_LEVEL = "-Onone";
				VERSIONING_SYSTEM = "";
			};
			name = Debug;
		};
		720ECCE82B82A21F00FB29BF /* Release */ = {
			isa = XCBuildConfiguration;
			buildSettings = {
				ALWAYS_SEARCH_USER_PATHS = NO;
				ASSETCATALOG_COMPILER_GENERATE_SWIFT_ASSET_SYMBOL_EXTENSIONS = YES;
				CLANG_ANALYZER_NONNULL = YES;
				CLANG_ANALYZER_NUMBER_OBJECT_CONVERSION = YES_AGGRESSIVE;
				CLANG_CXX_LANGUAGE_STANDARD = "gnu++20";
				CLANG_ENABLE_MODULES = YES;
				CLANG_ENABLE_OBJC_ARC = YES;
				CLANG_ENABLE_OBJC_WEAK = YES;
				CLANG_WARN_BLOCK_CAPTURE_AUTORELEASING = YES;
				CLANG_WARN_BOOL_CONVERSION = YES;
				CLANG_WARN_COMMA = YES;
				CLANG_WARN_CONSTANT_CONVERSION = YES;
				CLANG_WARN_DEPRECATED_OBJC_IMPLEMENTATIONS = YES;
				CLANG_WARN_DIRECT_OBJC_ISA_USAGE = YES_ERROR;
				CLANG_WARN_DOCUMENTATION_COMMENTS = YES;
				CLANG_WARN_EMPTY_BODY = YES;
				CLANG_WARN_ENUM_CONVERSION = YES;
				CLANG_WARN_INFINITE_RECURSION = YES;
				CLANG_WARN_INT_CONVERSION = YES;
				CLANG_WARN_NON_LITERAL_NULL_CONVERSION = YES;
				CLANG_WARN_OBJC_IMPLICIT_RETAIN_SELF = YES;
				CLANG_WARN_OBJC_LITERAL_CONVERSION = YES;
				CLANG_WARN_OBJC_ROOT_CLASS = YES_ERROR;
				CLANG_WARN_QUOTED_INCLUDE_IN_FRAMEWORK_HEADER = YES;
				CLANG_WARN_RANGE_LOOP_ANALYSIS = YES;
				CLANG_WARN_STRICT_PROTOTYPES = YES;
				CLANG_WARN_SUSPICIOUS_MOVE = YES;
				CLANG_WARN_UNGUARDED_AVAILABILITY = YES_AGGRESSIVE;
				CLANG_WARN_UNREACHABLE_CODE = YES;
				CLANG_WARN__DUPLICATE_METHOD_MATCH = YES;
				COPY_PHASE_STRIP = NO;
				CURRENT_PROJECT_VERSION = 1.1;
				DEBUG_INFORMATION_FORMAT = "dwarf-with-dsym";
				ENABLE_NS_ASSERTIONS = NO;
				ENABLE_STRICT_OBJC_MSGSEND = YES;
				ENABLE_USER_SCRIPT_SANDBOXING = YES;
				GCC_C_LANGUAGE_STANDARD = gnu17;
				GCC_NO_COMMON_BLOCKS = YES;
				GCC_WARN_64_TO_32_BIT_CONVERSION = YES;
				GCC_WARN_ABOUT_RETURN_TYPE = YES_ERROR;
				GCC_WARN_UNDECLARED_SELECTOR = YES;
				GCC_WARN_UNINITIALIZED_AUTOS = YES_AGGRESSIVE;
				GCC_WARN_UNUSED_FUNCTION = YES;
				GCC_WARN_UNUSED_VARIABLE = YES;
				LOCALIZATION_PREFERS_STRING_CATALOGS = YES;
				MACOSX_DEPLOYMENT_TARGET = 12.4;
				MARKETING_VERSION = 2024.feb25;
				MTL_ENABLE_DEBUG_INFO = NO;
				MTL_FAST_MATH = YES;
				SDKROOT = macosx;
				SWIFT_COMPILATION_MODE = wholemodule;
				VERSIONING_SYSTEM = "";
			};
			name = Release;
		};
		720ECCEA2B82A21F00FB29BF /* Debug */ = {
			isa = XCBuildConfiguration;
			buildSettings = {
				ALWAYS_EMBED_SWIFT_STANDARD_LIBRARIES = YES;
				ASSETCATALOG_COMPILER_APPICON_NAME = AppIcon;
				ASSETCATALOG_COMPILER_GLOBAL_ACCENT_COLOR_NAME = AccentColor;
				CODE_SIGN_ENTITLEMENTS = "Webm Quicklook/Webm_Quicklook.entitlements";
				CODE_SIGN_STYLE = Automatic;
				COMBINE_HIDPI_IMAGES = YES;
				DEVELOPMENT_TEAM = 46WUYUUA8V;
				ENABLE_HARDENED_RUNTIME = YES;
				ENABLE_PREVIEWS = YES;
				GENERATE_INFOPLIST_FILE = YES;
				INFOPLIST_FILE = "Webm-Quicklook-Info.plist";
				INFOPLIST_KEY_LSApplicationCategoryType = "public.app-category.video";
				INFOPLIST_KEY_NSHumanReadableCopyright = "";
				LD_RUNPATH_SEARCH_PATHS = (
					"$(inherited)",
					"@executable_path/../Frameworks",
				);
				MACOSX_DEPLOYMENT_TARGET = 12.4;
				MARKETING_VERSION = 2024.feb25;
				PRODUCT_BUNDLE_IDENTIFIER = "com.oil3.Webm-Quicklook";
				PRODUCT_NAME = "$(TARGET_NAME)";
				SUPPORTED_PLATFORMS = macosx;
				SUPPORTS_MACCATALYST = NO;
				SWIFT_EMIT_LOC_STRINGS = YES;
				SWIFT_VERSION = 5.0;
				SYSTEM_FRAMEWORK_SEARCH_PATHS = (
					"$(inherited)",
					"$(SDKROOT)$(SYSTEM_LIBRARY_DIR)/PrivateFrameworks",
				);
			};
			name = Debug;
		};
		720ECCEB2B82A21F00FB29BF /* Release */ = {
			isa = XCBuildConfiguration;
			buildSettings = {
				ALWAYS_EMBED_SWIFT_STANDARD_LIBRARIES = YES;
				ASSETCATALOG_COMPILER_APPICON_NAME = AppIcon;
				ASSETCATALOG_COMPILER_GLOBAL_ACCENT_COLOR_NAME = AccentColor;
				CODE_SIGN_ENTITLEMENTS = "Webm Quicklook/Webm_Quicklook.entitlements";
				CODE_SIGN_STYLE = Automatic;
				COMBINE_HIDPI_IMAGES = YES;
				DEVELOPMENT_TEAM = 46WUYUUA8V;
				ENABLE_HARDENED_RUNTIME = YES;
				ENABLE_PREVIEWS = YES;
				GENERATE_INFOPLIST_FILE = YES;
				INFOPLIST_FILE = "Webm-Quicklook-Info.plist";
				INFOPLIST_KEY_LSApplicationCategoryType = "public.app-category.video";
				INFOPLIST_KEY_NSHumanReadableCopyright = "";
				LD_RUNPATH_SEARCH_PATHS = (
					"$(inherited)",
					"@executable_path/../Frameworks",
				);
				MACOSX_DEPLOYMENT_TARGET = 12.4;
				MARKETING_VERSION = 2024.feb25;
				PRODUCT_BUNDLE_IDENTIFIER = "com.oil3.Webm-Quicklook";
				PRODUCT_NAME = "$(TARGET_NAME)";
				SUPPORTED_PLATFORMS = macosx;
				SUPPORTS_MACCATALYST = NO;
				SWIFT_EMIT_LOC_STRINGS = YES;
				SWIFT_VERSION = 5.0;
				SYSTEM_FRAMEWORK_SEARCH_PATHS = (
					"$(inherited)",
					"$(SDKROOT)$(SYSTEM_LIBRARY_DIR)/PrivateFrameworks",
				);
			};
			name = Release;
		};
		720ECD022B82A74300FB29BF /* Debug */ = {
			isa = XCBuildConfiguration;
			buildSettings = {
				CODE_SIGN_ENTITLEMENTS = "WebM Quicklook/WebM_Quicklook.entitlements";
				CODE_SIGN_STYLE = Automatic;
				DEVELOPMENT_TEAM = 46WUYUUA8V;
				ENABLE_HARDENED_RUNTIME = YES;
				GENERATE_INFOPLIST_FILE = YES;
				INFOPLIST_FILE = "WebM Quicklook/Info.plist";
				INFOPLIST_KEY_CFBundleDisplayName = "WebM Quicklook";
				INFOPLIST_KEY_NSHumanReadableCopyright = "";
				IPHONEOS_DEPLOYMENT_TARGET = 15.6;
				LD_RUNPATH_SEARCH_PATHS = (
					"$(inherited)",
					"@executable_path/../Frameworks",
					"@executable_path/../../../../Frameworks",
				);
				MACOSX_DEPLOYMENT_TARGET = 12.4;
				MARKETING_VERSION = 2024.feb25;
				PRODUCT_BUNDLE_IDENTIFIER = "com.oil3.Webm-Quicklook.WebM-Quicklook";
				PRODUCT_NAME = "$(TARGET_NAME)";
				SKIP_INSTALL = YES;
				SUPPORTED_PLATFORMS = macosx;
				SUPPORTS_MACCATALYST = NO;
				SWIFT_EMIT_LOC_STRINGS = YES;
				SWIFT_VERSION = 5.0;
			};
			name = Debug;
		};
		720ECD032B82A74300FB29BF /* Release */ = {
			isa = XCBuildConfiguration;
			buildSettings = {
				CODE_SIGN_ENTITLEMENTS = "WebM Quicklook/WebM_Quicklook.entitlements";
				CODE_SIGN_STYLE = Automatic;
				DEVELOPMENT_TEAM = 46WUYUUA8V;
				ENABLE_HARDENED_RUNTIME = YES;
				GENERATE_INFOPLIST_FILE = YES;
				INFOPLIST_FILE = "WebM Quicklook/Info.plist";
				INFOPLIST_KEY_CFBundleDisplayName = "WebM Quicklook";
				INFOPLIST_KEY_NSHumanReadableCopyright = "";
				IPHONEOS_DEPLOYMENT_TARGET = 15.6;
				LD_RUNPATH_SEARCH_PATHS = (
					"$(inherited)",
					"@executable_path/../Frameworks",
					"@executable_path/../../../../Frameworks",
				);
				MACOSX_DEPLOYMENT_TARGET = 12.4;
				MARKETING_VERSION = 2024.feb25;
				PRODUCT_BUNDLE_IDENTIFIER = "com.oil3.Webm-Quicklook.WebM-Quicklook";
				PRODUCT_NAME = "$(TARGET_NAME)";
				SKIP_INSTALL = YES;
				SUPPORTED_PLATFORMS = macosx;
				SUPPORTS_MACCATALYST = NO;
				SWIFT_EMIT_LOC_STRINGS = YES;
				SWIFT_VERSION = 5.0;
			};
			name = Release;
		};
/* End XCBuildConfiguration section */

/* Begin XCConfigurationList section */
		720ECCD52B82A21D00FB29BF /* Build configuration list for PBXProject "Webm Quicklook" */ = {
			isa = XCConfigurationList;
			buildConfigurations = (
				720ECCE72B82A21F00FB29BF /* Debug */,
				720ECCE82B82A21F00FB29BF /* Release */,
			);
			defaultConfigurationIsVisible = 0;
			defaultConfigurationName = Release;
		};
		720ECCE92B82A21F00FB29BF /* Build configuration list for PBXNativeTarget "Webm Quicklook" */ = {
			isa = XCConfigurationList;
			buildConfigurations = (
				720ECCEA2B82A21F00FB29BF /* Debug */,
				720ECCEB2B82A21F00FB29BF /* Release */,
			);
			defaultConfigurationIsVisible = 0;
			defaultConfigurationName = Release;
		};
		720ECD012B82A74300FB29BF /* Build configuration list for PBXNativeTarget "WebM Quicklook" */ = {
			isa = XCConfigurationList;
			buildConfigurations = (
				720ECD022B82A74300FB29BF /* Debug */,
				720ECD032B82A74300FB29BF /* Release */,
			);
			defaultConfigurationIsVisible = 0;
			defaultConfigurationName = Release;
		};
/* End XCConfigurationList section */
	};
	rootObject = 720ECCD22B82A21D00FB29BF /* Project object */;
}
